
Microsoft Visual Studio Solution File, Format Version 12.00
# Visual Studio Version 17
VisualStudioVersion = 17.4.33213.308
MinimumVisualStudioVersion = 10.0.40219.1
Project("{9A19103F-16F7-4668-BE54-9A1E7A4F7556}") = "Domain", "Domain\Domain.csproj", "{0C6F4BCD-F402-42F1-9DC9-892170144D8E}"
EndProject
Project("{9A19103F-16F7-4668-BE54-9A1E7A4F7556}") = "Service", "Service\Service.csproj", "{3EEE16DB-A332-4950-83DB-B1FBD679F45A}"
EndProject
Project("{9A19103F-16F7-4668-BE54-9A1E7A4F7556}") = "Presentation", "Presentation\Presentation.csproj", "{4445A3D8-48B6-47E5-BA74-94E15177A11A}"
EndProject
Project("{9A19103F-16F7-4668-BE54-9A1E7A4F7556}") = "Infrastructure", "Infrastructure\Infrastructure.csproj", "{B9453159-9EF6-407A-958F-B38B328C9B2C}"
EndProject
Project("{9A19103F-16F7-4668-BE54-9A1E7A4F7556}") = "KipTrak", "KipTrak\KipTrak.csproj", "{AA869507-C029-4186-A8AF-9CC10BF7660F}"
EndProject
Global
	GlobalSection(SolutionConfigurationPlatforms) = preSolution
		Debug|Any CPU = Debug|Any CPU
		Release|Any CPU = Release|Any CPU
	EndGlobalSection
	GlobalSection(ProjectConfigurationPlatforms) = postSolution
		{0C6F4BCD-F402-42F1-9DC9-892170144D8E}.Debug|Any CPU.ActiveCfg = Debug|Any CPU
		{0C6F4BCD-F402-42F1-9DC9-892170144D8E}.Debug|Any CPU.Build.0 = Debug|Any CPU
		{0C6F4BCD-F402-42F1-9DC9-892170144D8E}.Release|Any CPU.ActiveCfg = Release|Any CPU
		{0C6F4BCD-F402-42F1-9DC9-892170144D8E}.Release|Any CPU.Build.0 = Release|Any CPU
		{3EEE16DB-A332-4950-83DB-B1FBD679F45A}.Debug|Any CPU.ActiveCfg = Debug|Any CPU
		{3EEE16DB-A332-4950-83DB-B1FBD679F45A}.Debug|Any CPU.Build.0 = Debug|Any CPU
		{3EEE16DB-A332-4950-83DB-B1FBD679F45A}.Release|Any CPU.ActiveCfg = Release|Any CPU
		{3EEE16DB-A332-4950-83DB-B1FBD679F45A}.Release|Any CPU.Build.0 = Release|Any CPU
		{4445A3D8-48B6-47E5-BA74-94E15177A11A}.Debug|Any CPU.ActiveCfg = Debug|Any CPU
		{4445A3D8-48B6-47E5-BA74-94E15177A11A}.Debug|Any CPU.Build.0 = Debug|Any CPU
		{4445A3D8-48B6-47E5-BA74-94E15177A11A}.Release|Any CPU.ActiveCfg = Release|Any CPU
		{4445A3D8-48B6-47E5-BA74-94E15177A11A}.Release|Any CPU.Build.0 = Release|Any CPU
		{B9453159-9EF6-407A-958F-B38B328C9B2C}.Debug|Any CPU.ActiveCfg = Debug|Any CPU
		{B9453159-9EF6-407A-958F-B38B328C9B2C}.Debug|Any CPU.Build.0 = Debug|Any CPU
		{B9453159-9EF6-407A-958F-B38B328C9B2C}.Release|Any CPU.ActiveCfg = Release|Any CPU
		{B9453159-9EF6-407A-958F-B38B328C9B2C}.Release|Any CPU.Build.0 = Release|Any CPU
		{AA869507-C029-4186-A8AF-9CC10BF7660F}.Debug|Any CPU.ActiveCfg = Debug|Any CPU
		{AA869507-C029-4186-A8AF-9CC10BF7660F}.Debug|Any CPU.Build.0 = Debug|Any CPU
		{AA869507-C029-4186-A8AF-9CC10BF7660F}.Release|Any CPU.ActiveCfg = Release|Any CPU
		{AA869507-C029-4186-A8AF-9CC10BF7660F}.Release|Any CPU.Build.0 = Release|Any CPU
	EndGlobalSection
	GlobalSection(SolutionProperties) = preSolution
		HideSolutionNode = FALSE
	EndGlobalSection
	GlobalSection(ExtensibilityGlobals) = postSolution
		SolutionGuid = {ABFF620E-64A7-478B-BB77-312E240B4F79}
	EndGlobalSection
EndGlobal
